<?xml version="1.0" encoding="utf-8"?>
<Project ToolsVersion="4.0" xmlns="http://schemas.microsoft.com/developer/msbuild/2003">
  <ItemGroup>
    <Filter Include="Source Files">
      <UniqueIdentifier>{4FC737F1-C7A5-4376-A066-2A32D752A2FF}</UniqueIdentifier>
      <Extensions>cpp;c;cc;cxx;def;odl;idl;hpj;bat;asm;asmx</Extensions>
    </Filter>
    <Filter Include="Header Files">
      <UniqueIdentifier>{93995380-89BD-4b04-88EB-625FBE52EBFB}</UniqueIdentifier>
      <Extensions>h;hpp;hxx;hm;inl;inc;xsd</Extensions>
    </Filter>
    <Filter Include="Resource Files">
      <UniqueIdentifier>{67DA6AB6-F800-4c08-8B7A-83BB121AAD01}</UniqueIdentifier>
      <Extensions>rc;ico;cur;bmp;dlg;rc2;rct;bin;rgs;gif;jpg;jpeg;jpe;resx;tiff;tif;png;wav;mfcribbon-ms</Extensions>
    </Filter>
    <Filter Include="Header Files\commands">
      <UniqueIdentifier>{39c9ebfc-9223-4a33-accc-23d0cd066ce1}</UniqueIdentifier>
    </Filter>
    <Filter Include="Source Files\commands">
      <UniqueIdentifier>{30d984ef-23b8-4fe0-b5aa-701d631eeefd}</UniqueIdentifier>
    </Filter>
    <Filter Include="Header Files\xd">
      <UniqueIdentifier>{b5453eb7-d7de-481f-bd9b-2a681f3d04be}</UniqueIdentifier>
    </Filter>
    <Filter Include="Header Files\xd\lua">
      <UniqueIdentifier>{9a8ecc8e-b8d3-46ea-89c9-e06c083bd587}</UniqueIdentifier>
    </Filter>
    <Filter Include="Header Files\xd\graphics">
      <UniqueIdentifier>{e90ece45-1b2c-4007-a25a-042b254193a3}</UniqueIdentifier>
    </Filter>
    <Filter Include="Header Files\xd\graphics\detail">
      <UniqueIdentifier>{030c3194-1e83-4945-8c3d-0938635ffd84}</UniqueIdentifier>
    </Filter>
    <Filter Include="Header Files\xd\detail">
      <UniqueIdentifier>{10b54354-be5c-4356-8ce2-66d79c229327}</UniqueIdentifier>
    </Filter>
    <Filter Include="Header Files\xd\audio">
      <UniqueIdentifier>{3d4eac70-87fd-4fcb-b9d7-038e42ce30c7}</UniqueIdentifier>
    </Filter>
    <Filter Include="Header Files\xd\audio\detail">
      <UniqueIdentifier>{5fe50442-600b-411b-bd91-a48abf946779}</UniqueIdentifier>
    </Filter>
    <Filter Include="Header Files\xd\system">
      <UniqueIdentifier>{cbfd0868-4c49-4d06-8f1d-f2ce7c1fb3a7}</UniqueIdentifier>
    </Filter>
    <Filter Include="Source Files\xd">
      <UniqueIdentifier>{cd098b8f-d6b9-4709-89d6-678edf4c50a1}</UniqueIdentifier>
    </Filter>
    <Filter Include="Source Files\xd\audio">
      <UniqueIdentifier>{37f86f98-a180-46c6-b841-0c4623c3b396}</UniqueIdentifier>
    </Filter>
    <Filter Include="Source Files\xd\graphics">
      <UniqueIdentifier>{03027b4f-5851-4729-9053-8860cd45f942}</UniqueIdentifier>
    </Filter>
    <Filter Include="Source Files\xd\lua">
      <UniqueIdentifier>{46eb459e-7b61-4d26-bab3-a0bee34e51c0}</UniqueIdentifier>
    </Filter>
    <Filter Include="Source Files\xd\system">
      <UniqueIdentifier>{1d48d528-a4bb-490e-8d28-6ffbbf3579f4}</UniqueIdentifier>
    </Filter>
    <Filter Include="Source Files\vendor">
      <UniqueIdentifier>{81b254ac-0a10-453e-85f6-cde81791ec87}</UniqueIdentifier>
    </Filter>
    <Filter Include="Header Files\vendor">
      <UniqueIdentifier>{df649214-daf6-4421-a47e-028d8d4d801d}</UniqueIdentifier>
    </Filter>
    <Filter Include="Header Files\utility">
      <UniqueIdentifier>{48aa426e-f3d0-4ad2-9b7b-83a17c80436a}</UniqueIdentifier>
    </Filter>
    <Filter Include="Source Files\utility">
      <UniqueIdentifier>{821a3ce3-aab0-4281-9ac9-970d0eaa829c}</UniqueIdentifier>
    </Filter>
  </ItemGroup>
  <ItemGroup>
    <ClCompile Include="..\src\xd\audio\music.cpp">
      <Filter>Source Files\xd\audio</Filter>
    </ClCompile>
    <ClCompile Include="..\src\xd\audio\sound.cpp">
      <Filter>Source Files\xd\audio</Filter>
    </ClCompile>
    <ClCompile Include="..\src\xd\graphics\font.cpp">
      <Filter>Source Files\xd\graphics</Filter>
    </ClCompile>
    <ClCompile Include="..\src\xd\graphics\image.cpp">
      <Filter>Source Files\xd\graphics</Filter>
    </ClCompile>
    <ClCompile Include="..\src\xd\graphics\shader_program.cpp">
      <Filter>Source Files\xd\graphics</Filter>
    </ClCompile>
    <ClCompile Include="..\src\xd\graphics\shaders.cpp">
      <Filter>Source Files\xd\graphics</Filter>
    </ClCompile>
    <ClCompile Include="..\src\xd\graphics\simple_text_renderer.cpp">
      <Filter>Source Files\xd\graphics</Filter>
    </ClCompile>
    <ClCompile Include="..\src\xd\graphics\sprite_batch.cpp">
      <Filter>Source Files\xd\graphics</Filter>
    </ClCompile>
    <ClCompile Include="..\src\xd\graphics\stock_text_formatter.cpp">
      <Filter>Source Files\xd\graphics</Filter>
    </ClCompile>
    <ClCompile Include="..\src\xd\graphics\text_formatter.cpp">
      <Filter>Source Files\xd\graphics</Filter>
    </ClCompile>
    <ClCompile Include="..\src\xd\graphics\text_renderer.cpp">
      <Filter>Source Files\xd\graphics</Filter>
    </ClCompile>
    <ClCompile Include="..\src\xd\graphics\texture.cpp">
      <Filter>Source Files\xd\graphics</Filter>
    </ClCompile>
    <ClCompile Include="..\src\xd\lua\scheduler.cpp">
      <Filter>Source Files\xd\lua</Filter>
    </ClCompile>
    <ClCompile Include="..\src\xd\lua\virtual_machine.cpp">
      <Filter>Source Files\xd\lua</Filter>
    </ClCompile>
    <ClCompile Include="..\src\xd\system\input.cpp">
      <Filter>Source Files\xd\system</Filter>
    </ClCompile>
    <ClCompile Include="..\src\xd\system\window.cpp">
      <Filter>Source Files\xd\system</Filter>
    </ClCompile>
    <ClCompile Include="..\src\xd\audio\audio.cpp">
      <Filter>Source Files\xd\audio</Filter>
    </ClCompile>
    <ClCompile Include="..\src\xd\graphics\framebuffer.cpp">
      <Filter>Source Files\xd\graphics</Filter>
    </ClCompile>
    <ClCompile Include="..\src\main.cpp">
      <Filter>Source Files</Filter>
    </ClCompile>
    <ClCompile Include="..\src\tileset.cpp">
      <Filter>Source Files</Filter>
    </ClCompile>
    <ClCompile Include="..\src\log.cpp">
      <Filter>Source Files</Filter>
    </ClCompile>
    <ClCompile Include="..\src\map.cpp">
      <Filter>Source Files</Filter>
    </ClCompile>
    <ClCompile Include="..\src\game.cpp">
      <Filter>Source Files</Filter>
    </ClCompile>
    <ClCompile Include="..\src\camera.cpp">
      <Filter>Source Files</Filter>
    </ClCompile>
    <ClCompile Include="..\src\sprite_data.cpp">
      <Filter>Source Files</Filter>
    </ClCompile>
    <ClCompile Include="..\src\sprite.cpp">
      <Filter>Source Files</Filter>
    </ClCompile>
    <ClCompile Include="..\src\map_object.cpp">
      <Filter>Source Files</Filter>
    </ClCompile>
    <ClCompile Include="..\src\tile_layer.cpp">
      <Filter>Source Files</Filter>
    </ClCompile>
    <ClCompile Include="..\src\layer.cpp">
      <Filter>Source Files</Filter>
    </ClCompile>
    <ClCompile Include="..\src\image_layer.cpp">
      <Filter>Source Files</Filter>
    </ClCompile>
    <ClCompile Include="..\src\tile_layer_renderer.cpp">
      <Filter>Source Files</Filter>
    </ClCompile>
    <ClCompile Include="..\src\image_layer_renderer.cpp">
      <Filter>Source Files</Filter>
    </ClCompile>
    <ClCompile Include="..\src\object_layer.cpp">
      <Filter>Source Files</Filter>
    </ClCompile>
    <ClCompile Include="..\src\object_layer_renderer.cpp">
      <Filter>Source Files</Filter>
    </ClCompile>
    <ClCompile Include="..\src\object_layer_updater.cpp">
      <Filter>Source Files</Filter>
    </ClCompile>
    <ClCompile Include="..\src\player_controller.cpp">
      <Filter>Source Files</Filter>
    </ClCompile>
    <ClCompile Include="..\src\scripting_interface.cpp">
      <Filter>Source Files</Filter>
    </ClCompile>
    <ClCompile Include="..\src\image_layer_updater.cpp">
      <Filter>Source Files</Filter>
    </ClCompile>
    <ClCompile Include="..\src\canvas.cpp">
      <Filter>Source Files</Filter>
    </ClCompile>
    <ClCompile Include="..\src\canvas_renderer.cpp">
      <Filter>Source Files</Filter>
    </ClCompile>
    <ClCompile Include="..\src\configurations.cpp">
      <Filter>Source Files</Filter>
    </ClCompile>
    <ClCompile Include="..\src\canvas_updater.cpp">
      <Filter>Source Files</Filter>
    </ClCompile>
    <ClCompile Include="..\src\command_result.cpp">
      <Filter>Source Files</Filter>
    </ClCompile>
    <ClCompile Include="..\src\pathfinder.cpp">
      <Filter>Source Files</Filter>
    </ClCompile>
    <ClCompile Include="..\src\collision_record.cpp">
      <Filter>Source Files</Filter>
    </ClCompile>
    <ClCompile Include="..\src\custom_shaders.cpp">
      <Filter>Source Files</Filter>
    </ClCompile>
    <ClCompile Include="..\src\clock.cpp">
      <Filter>Source Files</Filter>
    </ClCompile>
    <ClCompile Include="..\src\save_file.cpp">
      <Filter>Source Files</Filter>
    </ClCompile>
    <ClCompile Include="..\src\sprite_holder.cpp">
      <Filter>Source Files</Filter>
    </ClCompile>
    <ClCompile Include="..\src\layer_renderer.cpp">
      <Filter>Source Files</Filter>
    </ClCompile>
    <ClCompile Include="..\src\commands\fade_music_command.cpp">
      <Filter>Source Files\commands</Filter>
    </ClCompile>
    <ClCompile Include="..\src\commands\move_camera_command.cpp">
      <Filter>Source Files\commands</Filter>
    </ClCompile>
    <ClCompile Include="..\src\commands\move_object_command.cpp">
      <Filter>Source Files\commands</Filter>
    </ClCompile>
    <ClCompile Include="..\src\commands\move_object_to_command.cpp">
      <Filter>Source Files\commands</Filter>
    </ClCompile>
    <ClCompile Include="..\src\commands\shake_screen_command.cpp">
      <Filter>Source Files\commands</Filter>
    </ClCompile>
    <ClCompile Include="..\src\commands\show_pose_command.cpp">
      <Filter>Source Files\commands</Filter>
    </ClCompile>
    <ClCompile Include="..\src\commands\show_text_command.cpp">
      <Filter>Source Files\commands</Filter>
    </ClCompile>
    <ClCompile Include="..\src\commands\tint_screen_command.cpp">
      <Filter>Source Files\commands</Filter>
    </ClCompile>
    <ClCompile Include="..\src\commands\update_canvas_command.cpp">
      <Filter>Source Files\commands</Filter>
    </ClCompile>
    <ClCompile Include="..\src\commands\update_layer_command.cpp">
      <Filter>Source Files\commands</Filter>
    </ClCompile>
    <ClCompile Include="..\src\commands\wait_command.cpp">
      <Filter>Source Files\commands</Filter>
    </ClCompile>
    <ClCompile Include="..\src\command.cpp">
      <Filter>Source Files</Filter>
    </ClCompile>
    <ClCompile Include="..\src\text_parser.cpp">
      <Filter>Source Files</Filter>
    </ClCompile>
    <ClCompile Include="..\src\commands\zoom_command.cpp">
      <Filter>Source Files\commands</Filter>
    </ClCompile>
    <ClCompile Include="..\src\shake_decorator.cpp">
      <Filter>Source Files</Filter>
    </ClCompile>
    <ClCompile Include="..\src\Editable.cpp">
      <Filter>Source Files</Filter>
    </ClCompile>
    <ClCompile Include="..\src\tmx_properties.cpp">
      <Filter>Source Files</Filter>
    </ClCompile>
    <ClCompile Include="..\src\commands\text_options.cpp">
      <Filter>Source Files\commands</Filter>
    </ClCompile>
    <ClCompile Include="..\src\vendor\lutf8lib.cpp">
      <Filter>Source Files\vendor</Filter>
    </ClCompile>
    <ClCompile Include="..\src\vendor\base64.cpp">
      <Filter>Source Files\vendor</Filter>
    </ClCompile>
    <ClCompile Include="..\src\lua_object.cpp">
      <Filter>Source Files</Filter>
    </ClCompile>
    <ClCompile Include="..\src\vendor\platform_folders.cpp">
      <Filter>Source Files\vendor</Filter>
    </ClCompile>
    <ClCompile Include="..\src\utility\string.cpp">
      <Filter>Source Files\utility</Filter>
    </ClCompile>
    <ClCompile Include="..\src\utility\color.cpp">
      <Filter>Source Files\utility</Filter>
    </ClCompile>
    <ClCompile Include="..\src\utility\xml.cpp">
      <Filter>Source Files\utility</Filter>
    </ClCompile>
    <ClCompile Include="..\src\utility\math.cpp">
      <Filter>Source Files\utility</Filter>
    </ClCompile>
    <ClCompile Include="..\src\utility\file.cpp">
      <Filter>Source Files\utility</Filter>
    </ClCompile>
    <ClCompile Include="..\src\key_binder.cpp">
      <Filter>Source Files</Filter>
    </ClCompile>
  </ItemGroup>
  <ItemGroup>
    <ClInclude Include="..\include\xd\detail\entity.hpp">
      <Filter>Header Files\xd\detail</Filter>
    </ClInclude>
    <ClInclude Include="..\include\xd\detail\identity.hpp">
      <Filter>Header Files\xd\detail</Filter>
    </ClInclude>
    <ClInclude Include="..\include\xd\detail\noop_deleter.hpp">
      <Filter>Header Files\xd\detail</Filter>
    </ClInclude>
    <ClInclude Include="..\include\xd\audio\exceptions.hpp">
      <Filter>Header Files\xd\audio</Filter>
    </ClInclude>
    <ClInclude Include="..\include\xd\audio\music.hpp">
      <Filter>Header Files\xd\audio</Filter>
    </ClInclude>
    <ClInclude Include="..\include\xd\audio\sound.hpp">
      <Filter>Header Files\xd\audio</Filter>
    </ClInclude>
    <ClInclude Include="..\include\xd\graphics\exceptions.hpp">
      <Filter>Header Files\xd\graphics</Filter>
    </ClInclude>
    <ClInclude Include="..\include\xd\graphics\font.hpp">
      <Filter>Header Files\xd\graphics</Filter>
    </ClInclude>
    <ClInclude Include="..\include\xd\graphics\font_style.hpp">
      <Filter>Header Files\xd\graphics</Filter>
    </ClInclude>
    <ClInclude Include="..\include\xd\graphics\image.hpp">
      <Filter>Header Files\xd\graphics</Filter>
    </ClInclude>
    <ClInclude Include="..\include\xd\graphics\matrix_stack.hpp">
      <Filter>Header Files\xd\graphics</Filter>
    </ClInclude>
    <ClInclude Include="..\include\xd\graphics\shader_program.hpp">
      <Filter>Header Files\xd\graphics</Filter>
    </ClInclude>
    <ClInclude Include="..\include\xd\graphics\shaders.hpp">
      <Filter>Header Files\xd\graphics</Filter>
    </ClInclude>
    <ClInclude Include="..\include\xd\graphics\simple_text_renderer.hpp">
      <Filter>Header Files\xd\graphics</Filter>
    </ClInclude>
    <ClInclude Include="..\include\xd\graphics\sprite_batch.hpp">
      <Filter>Header Files\xd\graphics</Filter>
    </ClInclude>
    <ClInclude Include="..\include\xd\graphics\stock_text_formatter.hpp">
      <Filter>Header Files\xd\graphics</Filter>
    </ClInclude>
    <ClInclude Include="..\include\xd\graphics\text_formatter.hpp">
      <Filter>Header Files\xd\graphics</Filter>
    </ClInclude>
    <ClInclude Include="..\include\xd\graphics\text_renderer.hpp">
      <Filter>Header Files\xd\graphics</Filter>
    </ClInclude>
    <ClInclude Include="..\include\xd\graphics\texture.hpp">
      <Filter>Header Files\xd\graphics</Filter>
    </ClInclude>
    <ClInclude Include="..\include\xd\graphics\transform_geometry.hpp">
      <Filter>Header Files\xd\graphics</Filter>
    </ClInclude>
    <ClInclude Include="..\include\xd\graphics\types.hpp">
      <Filter>Header Files\xd\graphics</Filter>
    </ClInclude>
    <ClInclude Include="..\include\xd\graphics\utility.hpp">
      <Filter>Header Files\xd\graphics</Filter>
    </ClInclude>
    <ClInclude Include="..\include\xd\graphics\vertex_batch.hpp">
      <Filter>Header Files\xd\graphics</Filter>
    </ClInclude>
    <ClInclude Include="..\include\xd\graphics\vertex_traits.hpp">
      <Filter>Header Files\xd\graphics</Filter>
    </ClInclude>
    <ClInclude Include="..\include\xd\graphics\detail\font.hpp">
      <Filter>Header Files\xd\graphics\detail</Filter>
    </ClInclude>
    <ClInclude Include="..\include\xd\graphics\detail\image.hpp">
      <Filter>Header Files\xd\graphics\detail</Filter>
    </ClInclude>
    <ClInclude Include="..\include\xd\graphics\detail\sprite_batch.hpp">
      <Filter>Header Files\xd\graphics\detail</Filter>
    </ClInclude>
    <ClInclude Include="..\include\xd\graphics\detail\text_formatter.hpp">
      <Filter>Header Files\xd\graphics\detail</Filter>
    </ClInclude>
    <ClInclude Include="..\include\xd\graphics\detail\vertex_traits.hpp">
      <Filter>Header Files\xd\graphics\detail</Filter>
    </ClInclude>
    <ClInclude Include="..\include\xd\lua\exceptions.hpp">
      <Filter>Header Files\xd\lua</Filter>
    </ClInclude>
    <ClInclude Include="..\include\xd\lua\scheduler.hpp">
      <Filter>Header Files\xd\lua</Filter>
    </ClInclude>
    <ClInclude Include="..\include\xd\lua\scheduler_task.hpp">
      <Filter>Header Files\xd\lua</Filter>
    </ClInclude>
    <ClInclude Include="..\include\xd\lua\virtual_machine.hpp">
      <Filter>Header Files\xd\lua</Filter>
    </ClInclude>
    <ClInclude Include="..\include\xd\system\exceptions.hpp">
      <Filter>Header Files\xd\system</Filter>
    </ClInclude>
    <ClInclude Include="..\include\xd\system\input.hpp">
      <Filter>Header Files\xd\system</Filter>
    </ClInclude>
    <ClInclude Include="..\include\xd\system\window.hpp">
      <Filter>Header Files\xd\system</Filter>
    </ClInclude>
    <ClInclude Include="..\include\xd\system\window_options.hpp">
      <Filter>Header Files\xd\system</Filter>
    </ClInclude>
    <ClInclude Include="..\include\xd\audio\audio.hpp">
      <Filter>Header Files\xd\audio</Filter>
    </ClInclude>
    <ClInclude Include="..\include\xd\audio\detail\audio_handle.hpp">
      <Filter>Header Files\xd\audio\detail</Filter>
    </ClInclude>
    <ClInclude Include="..\include\xd\graphics\framebuffer.hpp">
      <Filter>Header Files\xd\graphics</Filter>
    </ClInclude>
    <ClInclude Include="..\include\tileset.hpp">
      <Filter>Header Files</Filter>
    </ClInclude>
    <ClInclude Include="..\include\layer.hpp">
      <Filter>Header Files</Filter>
    </ClInclude>
    <ClInclude Include="..\include\exceptions.hpp">
      <Filter>Header Files</Filter>
    </ClInclude>
    <ClInclude Include="..\include\log.hpp">
      <Filter>Header Files</Filter>
    </ClInclude>
    <ClInclude Include="..\include\map.hpp">
      <Filter>Header Files</Filter>
    </ClInclude>
    <ClInclude Include="..\include\game.hpp">
      <Filter>Header Files</Filter>
    </ClInclude>
    <ClInclude Include="..\include\camera.hpp">
      <Filter>Header Files</Filter>
    </ClInclude>
    <ClInclude Include="..\include\sprite_data.hpp">
      <Filter>Header Files</Filter>
    </ClInclude>
    <ClInclude Include="..\include\sprite.hpp">
      <Filter>Header Files</Filter>
    </ClInclude>
    <ClInclude Include="..\include\map_object.hpp">
      <Filter>Header Files</Filter>
    </ClInclude>
    <ClInclude Include="..\include\tile_layer.hpp">
      <Filter>Header Files</Filter>
    </ClInclude>
    <ClInclude Include="..\include\layer_renderer.hpp">
      <Filter>Header Files</Filter>
    </ClInclude>
    <ClInclude Include="..\include\image_layer.hpp">
      <Filter>Header Files</Filter>
    </ClInclude>
    <ClInclude Include="..\include\image_layer_renderer.hpp">
      <Filter>Header Files</Filter>
    </ClInclude>
    <ClInclude Include="..\include\tile_layer_renderer.hpp">
      <Filter>Header Files</Filter>
    </ClInclude>
    <ClInclude Include="..\include\object_layer.hpp">
      <Filter>Header Files</Filter>
    </ClInclude>
    <ClInclude Include="..\include\object_layer_renderer.hpp">
      <Filter>Header Files</Filter>
    </ClInclude>
    <ClInclude Include="..\include\object_layer_updater.hpp">
      <Filter>Header Files</Filter>
    </ClInclude>
    <ClInclude Include="..\include\layer_updater.hpp">
      <Filter>Header Files</Filter>
    </ClInclude>
    <ClInclude Include="..\include\player_controller.hpp">
      <Filter>Header Files</Filter>
    </ClInclude>
    <ClInclude Include="..\include\command.hpp">
      <Filter>Header Files</Filter>
    </ClInclude>
    <ClInclude Include="..\include\command_result.hpp">
      <Filter>Header Files</Filter>
    </ClInclude>
    <ClInclude Include="..\include\commands.hpp">
      <Filter>Header Files</Filter>
    </ClInclude>
    <ClInclude Include="..\include\direction.hpp">
      <Filter>Header Files</Filter>
    </ClInclude>
    <ClInclude Include="..\include\scripting_interface.hpp">
      <Filter>Header Files</Filter>
    </ClInclude>
    <ClInclude Include="..\include\image_layer_updater.hpp">
      <Filter>Header Files</Filter>
    </ClInclude>
    <ClInclude Include="..\include\canvas.hpp">
      <Filter>Header Files</Filter>
    </ClInclude>
    <ClInclude Include="..\include\canvas_renderer.hpp">
      <Filter>Header Files</Filter>
    </ClInclude>
    <ClInclude Include="..\include\configurations.hpp">
      <Filter>Header Files</Filter>
    </ClInclude>
    <ClInclude Include="..\include\pathfinder.hpp">
      <Filter>Header Files</Filter>
    </ClInclude>
    <ClInclude Include="..\include\collision_record.hpp">
      <Filter>Header Files</Filter>
    </ClInclude>
    <ClInclude Include="..\include\sprite_holder.hpp">
      <Filter>Header Files</Filter>
    </ClInclude>
    <ClInclude Include="..\include\collision_check_types.hpp">
      <Filter>Header Files</Filter>
    </ClInclude>
    <ClInclude Include="..\include\custom_shaders.hpp">
      <Filter>Header Files</Filter>
    </ClInclude>
    <ClInclude Include="..\include\clock.hpp">
      <Filter>Header Files</Filter>
    </ClInclude>
    <ClInclude Include="..\include\save_file.hpp">
      <Filter>Header Files</Filter>
    </ClInclude>
    <ClInclude Include="..\include\editable.hpp">
      <Filter>Header Files</Filter>
    </ClInclude>
    <ClInclude Include="..\include\layer_types.hpp">
      <Filter>Header Files</Filter>
    </ClInclude>
    <ClInclude Include="..\include\commands\move_object_command.hpp">
      <Filter>Header Files\commands</Filter>
    </ClInclude>
    <ClInclude Include="..\include\commands\move_object_to_command.hpp">
      <Filter>Header Files\commands</Filter>
    </ClInclude>
    <ClInclude Include="..\include\commands\show_pose_command.hpp">
      <Filter>Header Files\commands</Filter>
    </ClInclude>
    <ClInclude Include="..\include\commands\move_camera_command.hpp">
      <Filter>Header Files\commands</Filter>
    </ClInclude>
    <ClInclude Include="..\include\commands\tint_screen_command.hpp">
      <Filter>Header Files\commands</Filter>
    </ClInclude>
    <ClInclude Include="..\include\commands\shake_screen_command.hpp">
      <Filter>Header Files\commands</Filter>
    </ClInclude>
    <ClInclude Include="..\include\commands\fade_music_command.hpp">
      <Filter>Header Files\commands</Filter>
    </ClInclude>
    <ClInclude Include="..\include\commands\update_layer_command.hpp">
      <Filter>Header Files\commands</Filter>
    </ClInclude>
    <ClInclude Include="..\include\commands\update_canvas_command.hpp">
      <Filter>Header Files\commands</Filter>
    </ClInclude>
    <ClInclude Include="..\include\commands\show_text_command.hpp">
      <Filter>Header Files\commands</Filter>
    </ClInclude>
    <ClInclude Include="..\include\commands\wait_command.hpp">
      <Filter>Header Files\commands</Filter>
    </ClInclude>
    <ClInclude Include="..\include\text_parser.hpp">
      <Filter>Header Files</Filter>
    </ClInclude>
    <ClInclude Include="..\include\commands\zoom_command.hpp">
      <Filter>Header Files\commands</Filter>
    </ClInclude>
    <ClInclude Include="..\include\shake_decorator.hpp">
      <Filter>Header Files</Filter>
    </ClInclude>
    <ClInclude Include="..\include\xd\asset_manager.hpp">
      <Filter>Header Files\xd</Filter>
    </ClInclude>
    <ClInclude Include="..\include\xd\asset_serializer.hpp">
      <Filter>Header Files\xd</Filter>
    </ClInclude>
    <ClInclude Include="..\include\xd\audio.hpp">
      <Filter>Header Files\xd</Filter>
    </ClInclude>
    <ClInclude Include="..\include\xd\entity.hpp">
      <Filter>Header Files\xd</Filter>
    </ClInclude>
    <ClInclude Include="..\include\xd\event_bus.hpp">
      <Filter>Header Files\xd</Filter>
    </ClInclude>
    <ClInclude Include="..\include\xd\exception.hpp">
      <Filter>Header Files\xd</Filter>
    </ClInclude>
    <ClInclude Include="..\include\xd\glm.hpp">
      <Filter>Header Files\xd</Filter>
    </ClInclude>
    <ClInclude Include="..\include\xd\graphics.hpp">
      <Filter>Header Files\xd</Filter>
    </ClInclude>
    <ClInclude Include="..\include\xd\lua.hpp">
      <Filter>Header Files\xd</Filter>
    </ClInclude>
    <ClInclude Include="..\include\xd\system.hpp">
      <Filter>Header Files\xd</Filter>
    </ClInclude>
    <ClInclude Include="..\include\tmx_properties.hpp">
      <Filter>Header Files</Filter>
    </ClInclude>
    <ClInclude Include="..\include\commands\text_options.hpp">
      <Filter>Header Files\commands</Filter>
    </ClInclude>
    <ClInclude Include="..\include\vendor\unidata.h">
      <Filter>Header Files\vendor</Filter>
    </ClInclude>
    <ClInclude Include="..\include\vendor\lutf8lib.hpp">
      <Filter>Header Files\vendor</Filter>
    </ClInclude>
    <ClInclude Include="..\include\vendor\rapidxml.hpp">
      <Filter>Header Files\vendor</Filter>
    </ClInclude>
    <ClInclude Include="..\include\vendor\rapidxml_print.hpp">
      <Filter>Header Files\vendor</Filter>
    </ClInclude>
    <ClInclude Include="..\include\vendor\base64.hpp">
      <Filter>Header Files\vendor</Filter>
    </ClInclude>
    <ClInclude Include="..\include\lua_object.hpp">
      <Filter>Header Files</Filter>
    </ClInclude>
    <ClInclude Include="..\include\xd\lua\sol.hpp">
      <Filter>Header Files\xd\lua</Filter>
    </ClInclude>
    <ClInclude Include="..\include\vendor\platform_folders.hpp">
      <Filter>Header Files\vendor</Filter>
    </ClInclude>
    <ClInclude Include="..\include\utility\string.hpp">
      <Filter>Header Files\utility</Filter>
    </ClInclude>
    <ClInclude Include="..\include\utility\color.hpp">
      <Filter>Header Files\utility</Filter>
    </ClInclude>
    <ClInclude Include="..\include\utility\xml.hpp">
      <Filter>Header Files\utility</Filter>
    </ClInclude>
    <ClInclude Include="..\include\utility\math.hpp">
      <Filter>Header Files\utility</Filter>
    </ClInclude>
    <ClInclude Include="..\include\utility\file.hpp">
      <Filter>Header Files\utility</Filter>
    </ClInclude>
    <ClInclude Include="..\include\xd\graphics\shader_uniforms.hpp">
      <Filter>Header Files\xd\graphics</Filter>
    </ClInclude>
    <ClInclude Include="..\include\utility\direction.hpp">
      <Filter>Header Files\utility</Filter>
    </ClInclude>
    <ClInclude Include="..\include\key_binder.hpp">
      <Filter>Header Files</Filter>
    </ClInclude>
  </ItemGroup>
  <ItemGroup>
    <None Include="..\include\canvas_updater.hpp">
      <Filter>Header Files</Filter>
    </None>
  </ItemGroup>
</Project>