<?xml version="1.0" encoding="utf-8"?>
<Project ToolsVersion="4.0" xmlns="http://schemas.microsoft.com/developer/msbuild/2003">
  <ItemGroup>
    <Filter Include="Source Files">
      <UniqueIdentifier>{4FC737F1-C7A5-4376-A066-2A32D752A2FF}</UniqueIdentifier>
      <Extensions>cpp;c;cc;cxx;def;odl;idl;hpj;bat;asm;asmx</Extensions>
    </Filter>
    <Filter Include="Header Files">
      <UniqueIdentifier>{93995380-89BD-4b04-88EB-625FBE52EBFB}</UniqueIdentifier>
      <Extensions>h;hpp;hxx;hm;inl;inc;xsd</Extensions>
    </Filter>
    <Filter Include="Resource Files">
      <UniqueIdentifier>{67DA6AB6-F800-4c08-8B7A-83BB121AAD01}</UniqueIdentifier>
      <Extensions>rc;ico;cur;bmp;dlg;rc2;rct;bin;rgs;gif;jpg;jpeg;jpe;resx;tiff;tif;png;wav;mfcribbon-ms</Extensions>
    </Filter>
    <Filter Include="Header Files\commands">
      <UniqueIdentifier>{207411ba-8c88-427c-824d-158af635386e}</UniqueIdentifier>
    </Filter>
    <Filter Include="Source Files\commands">
      <UniqueIdentifier>{c37ae5df-27a2-40e1-a7e2-d786c64a9d49}</UniqueIdentifier>
    </Filter>
    <Filter Include="Source Files\tests">
      <UniqueIdentifier>{b8a1e1fd-403e-44a7-ae0f-b1c583ff4709}</UniqueIdentifier>
    </Filter>
    <Filter Include="Header Files\xd">
      <UniqueIdentifier>{794a46c4-575f-4c32-8222-dc9e985fc52d}</UniqueIdentifier>
    </Filter>
    <Filter Include="Header Files\xd\audio">
      <UniqueIdentifier>{7fd90b13-0213-4fcf-872b-cf7a256681a9}</UniqueIdentifier>
    </Filter>
    <Filter Include="Header Files\xd\audio\detail">
      <UniqueIdentifier>{e543a98e-0f88-4c77-b243-0c431addced1}</UniqueIdentifier>
    </Filter>
    <Filter Include="Header Files\xd\detail">
      <UniqueIdentifier>{97949173-5bee-4582-9c1b-61fea5b99a37}</UniqueIdentifier>
    </Filter>
    <Filter Include="Header Files\xd\graphics">
      <UniqueIdentifier>{3f517450-3a68-4b9d-a4aa-a2b99ecb95e8}</UniqueIdentifier>
    </Filter>
    <Filter Include="Header Files\xd\graphics\detail">
      <UniqueIdentifier>{a17ae8c1-2b17-42c6-a3cb-586301cd0b0a}</UniqueIdentifier>
    </Filter>
    <Filter Include="Header Files\xd\lua">
      <UniqueIdentifier>{7abc0ab3-d145-465a-9a6a-cee94f4e9459}</UniqueIdentifier>
    </Filter>
    <Filter Include="Header Files\xd\system">
      <UniqueIdentifier>{9d101bf1-2f34-415f-8164-6abf3154482d}</UniqueIdentifier>
    </Filter>
    <Filter Include="Source Files\xd">
      <UniqueIdentifier>{44c0d5e6-ba02-4352-9496-1420ea6f0c9b}</UniqueIdentifier>
    </Filter>
    <Filter Include="Source Files\xd\audio">
      <UniqueIdentifier>{5f72b50c-9b14-4b3e-bf05-d5aaacdf15a9}</UniqueIdentifier>
    </Filter>
    <Filter Include="Source Files\xd\graphics">
      <UniqueIdentifier>{b8c7b1dc-d5bc-4c0d-b732-b158c354f5c4}</UniqueIdentifier>
    </Filter>
    <Filter Include="Source Files\xd\lua">
      <UniqueIdentifier>{c7c05a19-2c9f-4656-9357-ef4dd85753a2}</UniqueIdentifier>
    </Filter>
    <Filter Include="Source Files\xd\system">
      <UniqueIdentifier>{435a131a-a013-404d-8260-7ae7761fe610}</UniqueIdentifier>
    </Filter>
    <Filter Include="Source Files\vendor">
      <UniqueIdentifier>{ea9c2ff4-99a2-4ce5-bcc8-2fbe56e316a3}</UniqueIdentifier>
    </Filter>
    <Filter Include="Header Files\vendor">
      <UniqueIdentifier>{340d0e80-8fe9-40a4-8c8e-247e1dccd746}</UniqueIdentifier>
    </Filter>
    <Filter Include="Source Files\utility">
      <UniqueIdentifier>{42a62039-edf0-4db1-bcce-2a107c4dd7b5}</UniqueIdentifier>
    </Filter>
    <Filter Include="Header Files\utility">
      <UniqueIdentifier>{f2f400bc-deb0-431e-84ae-094cfb0bd3eb}</UniqueIdentifier>
    </Filter>
    <Filter Include="Header Files\canvas">
      <UniqueIdentifier>{ac181b81-5918-4613-8362-3424a2f03160}</UniqueIdentifier>
    </Filter>
    <Filter Include="Source Files\canvas">
      <UniqueIdentifier>{e6aad5f5-b493-4516-b4a7-328b5dab4ea3}</UniqueIdentifier>
    </Filter>
    <Filter Include="Header Files\scripting">
      <UniqueIdentifier>{1a9c4e53-e02d-48f5-b6e7-20abdfaad2b9}</UniqueIdentifier>
    </Filter>
    <Filter Include="Source Files\scripting">
      <UniqueIdentifier>{92c68ddb-43c1-4d24-b516-e99c25b8658a}</UniqueIdentifier>
    </Filter>
    <Filter Include="Source Files\scripting\bindings">
      <UniqueIdentifier>{2cc5656f-584f-4341-bbcd-cc669a801d8c}</UniqueIdentifier>
    </Filter>
    <Filter Include="Source Files\xd\audio\detail">
      <UniqueIdentifier>{05655483-c042-4a41-8a78-c039ee66db0a}</UniqueIdentifier>
    </Filter>
    <Filter Include="Source Files\decorators">
      <UniqueIdentifier>{aa3e352a-f67e-4b5f-8b8c-870a49848a2c}</UniqueIdentifier>
    </Filter>
    <Filter Include="Header Files\decorators">
      <UniqueIdentifier>{e7b7d951-0a66-4667-adce-c22f81b738b9}</UniqueIdentifier>
    </Filter>
    <Filter Include="Header Files\filesystem">
      <UniqueIdentifier>{0182ca93-03b4-47ad-9fcd-65a3060c9c7d}</UniqueIdentifier>
    </Filter>
    <Filter Include="Source Files\filesystem">
      <UniqueIdentifier>{b54a7c72-0286-486d-acd0-f387c00f8073}</UniqueIdentifier>
    </Filter>
  </ItemGroup>
  <ItemGroup>
    <ClCompile Include="..\..\src\tileset.cpp">
      <Filter>Source Files</Filter>
    </ClCompile>
    <ClCompile Include="..\..\src\map.cpp">
      <Filter>Source Files</Filter>
    </ClCompile>
    <ClCompile Include="..\..\src\game.cpp">
      <Filter>Source Files</Filter>
    </ClCompile>
    <ClCompile Include="..\..\src\camera.cpp">
      <Filter>Source Files</Filter>
    </ClCompile>
    <ClCompile Include="..\..\src\sprite_data.cpp">
      <Filter>Source Files</Filter>
    </ClCompile>
    <ClCompile Include="..\..\src\map_object.cpp">
      <Filter>Source Files</Filter>
    </ClCompile>
    <ClCompile Include="..\..\src\sprite.cpp">
      <Filter>Source Files</Filter>
    </ClCompile>
    <ClCompile Include="..\..\src\tile_layer.cpp">
      <Filter>Source Files</Filter>
    </ClCompile>
    <ClCompile Include="..\..\src\layer.cpp">
      <Filter>Source Files</Filter>
    </ClCompile>
    <ClCompile Include="..\..\src\tile_layer_renderer.cpp">
      <Filter>Source Files</Filter>
    </ClCompile>
    <ClCompile Include="..\..\src\image_layer.cpp">
      <Filter>Source Files</Filter>
    </ClCompile>
    <ClCompile Include="..\..\src\image_layer_renderer.cpp">
      <Filter>Source Files</Filter>
    </ClCompile>
    <ClCompile Include="..\..\src\object_layer.cpp">
      <Filter>Source Files</Filter>
    </ClCompile>
    <ClCompile Include="..\..\src\object_layer_renderer.cpp">
      <Filter>Source Files</Filter>
    </ClCompile>
    <ClCompile Include="..\..\src\object_layer_updater.cpp">
      <Filter>Source Files</Filter>
    </ClCompile>
    <ClCompile Include="..\..\src\player_controller.cpp">
      <Filter>Source Files</Filter>
    </ClCompile>
    <ClCompile Include="..\..\src\log.cpp">
      <Filter>Source Files</Filter>
    </ClCompile>
    <ClCompile Include="..\..\src\image_layer_updater.cpp">
      <Filter>Source Files</Filter>
    </ClCompile>
    <ClCompile Include="..\..\src\configurations.cpp">
      <Filter>Source Files</Filter>
    </ClCompile>
    <ClCompile Include="..\..\src\command_result.cpp">
      <Filter>Source Files</Filter>
    </ClCompile>
    <ClCompile Include="..\..\src\pathfinder.cpp">
      <Filter>Source Files</Filter>
    </ClCompile>
    <ClCompile Include="..\..\src\custom_shaders.cpp">
      <Filter>Source Files</Filter>
    </ClCompile>
    <ClCompile Include="..\..\src\clock.cpp">
      <Filter>Source Files</Filter>
    </ClCompile>
    <ClCompile Include="..\..\src\save_file.cpp">
      <Filter>Source Files</Filter>
    </ClCompile>
    <ClCompile Include="..\..\src\sprite_holder.cpp">
      <Filter>Source Files</Filter>
    </ClCompile>
    <ClCompile Include="..\..\src\layer_renderer.cpp">
      <Filter>Source Files</Filter>
    </ClCompile>
    <ClCompile Include="..\..\src\command.cpp">
      <Filter>Source Files</Filter>
    </ClCompile>
    <ClCompile Include="..\..\src\commands\fade_music_command.cpp">
      <Filter>Source Files\commands</Filter>
    </ClCompile>
    <ClCompile Include="..\..\src\commands\move_camera_command.cpp">
      <Filter>Source Files\commands</Filter>
    </ClCompile>
    <ClCompile Include="..\..\src\commands\move_object_command.cpp">
      <Filter>Source Files\commands</Filter>
    </ClCompile>
    <ClCompile Include="..\..\src\commands\move_object_to_command.cpp">
      <Filter>Source Files\commands</Filter>
    </ClCompile>
    <ClCompile Include="..\..\src\commands\shake_screen_command.cpp">
      <Filter>Source Files\commands</Filter>
    </ClCompile>
    <ClCompile Include="..\..\src\commands\show_pose_command.cpp">
      <Filter>Source Files\commands</Filter>
    </ClCompile>
    <ClCompile Include="..\..\src\commands\show_text_command.cpp">
      <Filter>Source Files\commands</Filter>
    </ClCompile>
    <ClCompile Include="..\..\src\commands\tint_command.cpp">
      <Filter>Source Files\commands</Filter>
    </ClCompile>
    <ClCompile Include="..\..\src\commands\update_image_command.cpp">
      <Filter>Source Files\commands</Filter>
    </ClCompile>
    <ClCompile Include="..\..\src\commands\update_opacity_command.cpp">
      <Filter>Source Files\commands</Filter>
    </ClCompile>
    <ClCompile Include="..\..\src\commands\wait_command.cpp">
      <Filter>Source Files\commands</Filter>
    </ClCompile>
    <ClCompile Include="..\..\src\text_parser.cpp">
      <Filter>Source Files</Filter>
    </ClCompile>
    <ClCompile Include="..\..\src\tests\utility_test.cpp">
      <Filter>Source Files\tests</Filter>
    </ClCompile>
    <ClCompile Include="..\..\src\tests\tileset_test.cpp">
      <Filter>Source Files\tests</Filter>
    </ClCompile>
    <ClCompile Include="..\..\src\tests\map_test.cpp">
      <Filter>Source Files\tests</Filter>
    </ClCompile>
    <ClCompile Include="..\..\src\tests\layer_test.cpp">
      <Filter>Source Files\tests</Filter>
    </ClCompile>
    <ClCompile Include="..\..\src\tests\sprite_data_test.cpp">
      <Filter>Source Files\tests</Filter>
    </ClCompile>
    <ClCompile Include="..\..\src\test_main.cpp">
      <Filter>Source Files\tests</Filter>
    </ClCompile>
    <ClCompile Include="..\..\src\tests\text_parser_test.cpp">
      <Filter>Source Files\tests</Filter>
    </ClCompile>
    <ClCompile Include="..\..\src\tests\game_fixture.cpp">
      <Filter>Source Files\tests</Filter>
    </ClCompile>
    <ClCompile Include="..\..\src\commands\zoom_command.cpp">
      <Filter>Source Files\commands</Filter>
    </ClCompile>
    <ClCompile Include="..\..\src\Editable.cpp">
      <Filter>Source Files</Filter>
    </ClCompile>
    <ClCompile Include="..\..\src\xd\audio\audio.cpp">
      <Filter>Source Files\xd\audio</Filter>
    </ClCompile>
    <ClCompile Include="..\..\src\xd\audio\music.cpp">
      <Filter>Source Files\xd\audio</Filter>
    </ClCompile>
    <ClCompile Include="..\..\src\xd\audio\sound.cpp">
      <Filter>Source Files\xd\audio</Filter>
    </ClCompile>
    <ClCompile Include="..\..\src\xd\graphics\font.cpp">
      <Filter>Source Files\xd\graphics</Filter>
    </ClCompile>
    <ClCompile Include="..\..\src\xd\graphics\framebuffer.cpp">
      <Filter>Source Files\xd\graphics</Filter>
    </ClCompile>
    <ClCompile Include="..\..\src\xd\graphics\image.cpp">
      <Filter>Source Files\xd\graphics</Filter>
    </ClCompile>
    <ClCompile Include="..\..\src\xd\graphics\shader_program.cpp">
      <Filter>Source Files\xd\graphics</Filter>
    </ClCompile>
    <ClCompile Include="..\..\src\xd\graphics\shaders.cpp">
      <Filter>Source Files\xd\graphics</Filter>
    </ClCompile>
    <ClCompile Include="..\..\src\xd\graphics\simple_text_renderer.cpp">
      <Filter>Source Files\xd\graphics</Filter>
    </ClCompile>
    <ClCompile Include="..\..\src\xd\graphics\sprite_batch.cpp">
      <Filter>Source Files\xd\graphics</Filter>
    </ClCompile>
    <ClCompile Include="..\..\src\xd\graphics\stock_text_formatter.cpp">
      <Filter>Source Files\xd\graphics</Filter>
    </ClCompile>
    <ClCompile Include="..\..\src\xd\graphics\text_formatter.cpp">
      <Filter>Source Files\xd\graphics</Filter>
    </ClCompile>
    <ClCompile Include="..\..\src\xd\graphics\text_renderer.cpp">
      <Filter>Source Files\xd\graphics</Filter>
    </ClCompile>
    <ClCompile Include="..\..\src\xd\graphics\texture.cpp">
      <Filter>Source Files\xd\graphics</Filter>
    </ClCompile>
    <ClCompile Include="..\..\src\xd\lua\scheduler.cpp">
      <Filter>Source Files\xd\lua</Filter>
    </ClCompile>
    <ClCompile Include="..\..\src\xd\lua\virtual_machine.cpp">
      <Filter>Source Files\xd\lua</Filter>
    </ClCompile>
    <ClCompile Include="..\..\src\xd\system\input.cpp">
      <Filter>Source Files\xd\system</Filter>
    </ClCompile>
    <ClCompile Include="..\..\src\xd\system\window.cpp">
      <Filter>Source Files\xd\system</Filter>
    </ClCompile>
    <ClCompile Include="..\..\src\tmx_properties.cpp">
      <Filter>Source Files</Filter>
    </ClCompile>
    <ClCompile Include="..\..\src\commands\text_options.cpp">
      <Filter>Source Files\commands</Filter>
    </ClCompile>
    <ClCompile Include="..\..\src\vendor\lutf8lib.cpp">
      <Filter>Source Files\vendor</Filter>
    </ClCompile>
    <ClCompile Include="..\..\src\vendor\base64.cpp">
      <Filter>Source Files\vendor</Filter>
    </ClCompile>
    <ClCompile Include="..\..\src\vendor\platform_folders.cpp">
      <Filter>Source Files\vendor</Filter>
    </ClCompile>
    <ClCompile Include="..\..\src\utility\color.cpp">
      <Filter>Source Files\utility</Filter>
    </ClCompile>
    <ClCompile Include="..\..\src\utility\file.cpp">
      <Filter>Source Files\utility</Filter>
    </ClCompile>
    <ClCompile Include="..\..\src\utility\math.cpp">
      <Filter>Source Files\utility</Filter>
    </ClCompile>
    <ClCompile Include="..\..\src\utility\string.cpp">
      <Filter>Source Files\utility</Filter>
    </ClCompile>
    <ClCompile Include="..\..\src\utility\xml.cpp">
      <Filter>Source Files\utility</Filter>
    </ClCompile>
    <ClCompile Include="..\..\src\key_binder.cpp">
      <Filter>Source Files</Filter>
    </ClCompile>
    <ClCompile Include="..\..\src\commands\timed_command.cpp">
      <Filter>Source Files\commands</Filter>
    </ClCompile>
    <ClCompile Include="..\..\src\canvas\canvas_renderer.cpp">
      <Filter>Source Files\canvas</Filter>
    </ClCompile>
    <ClCompile Include="..\..\src\canvas\canvas_updater.cpp">
      <Filter>Source Files\canvas</Filter>
    </ClCompile>
    <ClCompile Include="..\..\src\canvas\base_canvas.cpp">
      <Filter>Source Files\canvas</Filter>
    </ClCompile>
    <ClCompile Include="..\..\src\canvas\base_image_canvas.cpp">
      <Filter>Source Files\canvas</Filter>
    </ClCompile>
    <ClCompile Include="..\..\src\scripting\lua_object.cpp">
      <Filter>Source Files\scripting</Filter>
    </ClCompile>
    <ClCompile Include="..\..\src\scripting\scripting_interface.cpp">
      <Filter>Source Files\scripting</Filter>
    </ClCompile>
    <ClCompile Include="..\..\src\canvas\image_canvas.cpp">
      <Filter>Source Files\canvas</Filter>
    </ClCompile>
    <ClCompile Include="..\..\src\canvas\sprite_canvas.cpp">
      <Filter>Source Files\canvas</Filter>
    </ClCompile>
    <ClCompile Include="..\..\src\canvas\text_canvas.cpp">
      <Filter>Source Files\canvas</Filter>
    </ClCompile>
    <ClCompile Include="..\..\src\scripting\bindings\canvas_bindings.cpp">
      <Filter>Source Files\scripting\bindings</Filter>
    </ClCompile>
    <ClCompile Include="..\..\src\commands\move_canvas_command.cpp">
      <Filter>Source Files\commands</Filter>
    </ClCompile>
    <ClCompile Include="..\..\src\xd\audio\detail\fmod_audio_handle.cpp">
      <Filter>Source Files\xd\audio\detail</Filter>
    </ClCompile>
    <ClCompile Include="..\..\src\xd\audio\detail\fmod_sound_handle.cpp">
      <Filter>Source Files\xd\audio\detail</Filter>
    </ClCompile>
    <ClCompile Include="..\..\src\scripting\bindings\game_bindings.cpp">
      <Filter>Source Files\scripting\bindings</Filter>
    </ClCompile>
    <ClCompile Include="..\..\src\scripting\bindings\audio_bindings.cpp">
      <Filter>Source Files\scripting\bindings</Filter>
    </ClCompile>
    <ClCompile Include="..\..\src\scripting\bindings\camera_bindings.cpp">
      <Filter>Source Files\scripting\bindings</Filter>
    </ClCompile>
    <ClCompile Include="..\..\src\scripting\bindings\layer_bindings.cpp">
      <Filter>Source Files\scripting\bindings</Filter>
    </ClCompile>
    <ClCompile Include="..\..\src\scripting\bindings\map_bindings.cpp">
      <Filter>Source Files\scripting\bindings</Filter>
    </ClCompile>
    <ClCompile Include="..\..\src\scripting\bindings\map_object_bindings.cpp">
      <Filter>Source Files\scripting\bindings</Filter>
    </ClCompile>
    <ClCompile Include="..\..\src\scripting\bindings\math_bindings.cpp">
      <Filter>Source Files\scripting\bindings</Filter>
    </ClCompile>
    <ClCompile Include="..\..\src\scripting\bindings\text_bindings.cpp">
      <Filter>Source Files\scripting\bindings</Filter>
    </ClCompile>
    <ClCompile Include="..\..\src\scripting\bindings\utility_bindings.cpp">
      <Filter>Source Files\scripting\bindings</Filter>
    </ClCompile>
    <ClCompile Include="..\..\src\decorators\shake_decorator.cpp">
      <Filter>Source Files\decorators</Filter>
    </ClCompile>
    <ClCompile Include="..\..\src\decorators\typewriter_decorator.cpp">
      <Filter>Source Files\decorators</Filter>
    </ClCompile>
    <ClCompile Include="..\..\src\audio_player.cpp">
      <Filter>Source Files</Filter>
    </ClCompile>
    <ClCompile Include="..\..\src\filesystem\boost_filesystem.cpp">
      <Filter>Source Files\filesystem</Filter>
    </ClCompile>
    <ClCompile Include="..\..\src\filesystem\disk_filesystem.cpp">
      <Filter>Source Files\filesystem</Filter>
    </ClCompile>
    <ClCompile Include="..\..\src\filesystem\standard_filesystem.cpp">
      <Filter>Source Files\filesystem</Filter>
    </ClCompile>
    <ClCompile Include="..\..\src\filesystem\user_data_folder.cpp">
      <Filter>Source Files\filesystem</Filter>
    </ClCompile>
    <ClCompile Include="..\..\src\scripting\bindings\file_bindings.cpp">
      <Filter>Source Files\scripting\bindings</Filter>
    </ClCompile>
    <ClCompile Include="..\..\src\vendor\physfs.cpp">
      <Filter>Source Files\vendor</Filter>
    </ClCompile>
    <ClCompile Include="..\..\src\filesystem\physfs_filesystem.cpp">
      <Filter>Source Files\filesystem</Filter>
    </ClCompile>
  </ItemGroup>
  <ItemGroup>
    <ClInclude Include="..\..\include\tileset.hpp">
      <Filter>Header Files</Filter>
    </ClInclude>
    <ClInclude Include="..\..\include\layer.hpp">
      <Filter>Header Files</Filter>
    </ClInclude>
    <ClInclude Include="..\..\include\map.hpp">
      <Filter>Header Files</Filter>
    </ClInclude>
    <ClInclude Include="..\..\include\game.hpp">
      <Filter>Header Files</Filter>
    </ClInclude>
    <ClInclude Include="..\..\include\camera.hpp">
      <Filter>Header Files</Filter>
    </ClInclude>
    <ClInclude Include="..\..\include\sprite_data.hpp">
      <Filter>Header Files</Filter>
    </ClInclude>
    <ClInclude Include="..\..\include\map_object.hpp">
      <Filter>Header Files</Filter>
    </ClInclude>
    <ClInclude Include="..\..\include\sprite.hpp">
      <Filter>Header Files</Filter>
    </ClInclude>
    <ClInclude Include="..\..\include\tile_layer.hpp">
      <Filter>Header Files</Filter>
    </ClInclude>
    <ClInclude Include="..\..\include\layer_renderer.hpp">
      <Filter>Header Files</Filter>
    </ClInclude>
    <ClInclude Include="..\..\include\image_layer.hpp">
      <Filter>Header Files</Filter>
    </ClInclude>
    <ClInclude Include="..\..\include\image_layer_renderer.hpp">
      <Filter>Header Files</Filter>
    </ClInclude>
    <ClInclude Include="..\..\include\tile_layer_renderer.hpp">
      <Filter>Header Files</Filter>
    </ClInclude>
    <ClInclude Include="..\..\include\layer_updater.hpp">
      <Filter>Header Files</Filter>
    </ClInclude>
    <ClInclude Include="..\..\include\object_layer.hpp">
      <Filter>Header Files</Filter>
    </ClInclude>
    <ClInclude Include="..\..\include\object_layer_renderer.hpp">
      <Filter>Header Files</Filter>
    </ClInclude>
    <ClInclude Include="..\..\include\object_layer_updater.hpp">
      <Filter>Header Files</Filter>
    </ClInclude>
    <ClInclude Include="..\..\include\player_controller.hpp">
      <Filter>Header Files</Filter>
    </ClInclude>
    <ClInclude Include="..\..\include\command.hpp">
      <Filter>Header Files</Filter>
    </ClInclude>
    <ClInclude Include="..\..\include\command_result.hpp">
      <Filter>Header Files</Filter>
    </ClInclude>
    <ClInclude Include="..\..\include\commands.hpp">
      <Filter>Header Files</Filter>
    </ClInclude>
    <ClInclude Include="..\..\include\log.hpp">
      <Filter>Header Files</Filter>
    </ClInclude>
    <ClInclude Include="..\..\include\image_layer_updater.hpp">
      <Filter>Header Files</Filter>
    </ClInclude>
    <ClInclude Include="..\..\include\configurations.hpp">
      <Filter>Header Files</Filter>
    </ClInclude>
    <ClInclude Include="..\..\include\pathfinder.hpp">
      <Filter>Header Files</Filter>
    </ClInclude>
    <ClInclude Include="..\..\include\collision_record.hpp">
      <Filter>Header Files</Filter>
    </ClInclude>
    <ClInclude Include="..\..\include\sprite_holder.hpp">
      <Filter>Header Files</Filter>
    </ClInclude>
    <ClInclude Include="..\..\include\collision_check_types.hpp">
      <Filter>Header Files</Filter>
    </ClInclude>
    <ClInclude Include="..\..\include\custom_shaders.hpp">
      <Filter>Header Files</Filter>
    </ClInclude>
    <ClInclude Include="..\..\include\clock.hpp">
      <Filter>Header Files</Filter>
    </ClInclude>
    <ClInclude Include="..\..\include\save_file.hpp">
      <Filter>Header Files</Filter>
    </ClInclude>
    <ClInclude Include="..\..\include\editable.hpp">
      <Filter>Header Files</Filter>
    </ClInclude>
    <ClInclude Include="..\..\include\commands\fade_music_command.hpp">
      <Filter>Header Files\commands</Filter>
    </ClInclude>
    <ClInclude Include="..\..\include\commands\move_camera_command.hpp">
      <Filter>Header Files\commands</Filter>
    </ClInclude>
    <ClInclude Include="..\..\include\commands\move_object_command.hpp">
      <Filter>Header Files\commands</Filter>
    </ClInclude>
    <ClInclude Include="..\..\include\commands\move_object_to_command.hpp">
      <Filter>Header Files\commands</Filter>
    </ClInclude>
    <ClInclude Include="..\..\include\commands\shake_screen_command.hpp">
      <Filter>Header Files\commands</Filter>
    </ClInclude>
    <ClInclude Include="..\..\include\commands\show_pose_command.hpp">
      <Filter>Header Files\commands</Filter>
    </ClInclude>
    <ClInclude Include="..\..\include\commands\show_text_command.hpp">
      <Filter>Header Files\commands</Filter>
    </ClInclude>
    <ClInclude Include="..\..\include\commands\tint_command.hpp">
      <Filter>Header Files\commands</Filter>
    </ClInclude>
    <ClInclude Include="..\..\include\commands\update_image_command.hpp">
      <Filter>Header Files\commands</Filter>
    </ClInclude>
    <ClInclude Include="..\..\include\commands\update_opacity_command.hpp">
      <Filter>Header Files\commands</Filter>
    </ClInclude>
    <ClInclude Include="..\..\include\commands\wait_command.hpp">
      <Filter>Header Files\commands</Filter>
    </ClInclude>
    <ClInclude Include="..\..\include\text_parser.hpp">
      <Filter>Header Files</Filter>
    </ClInclude>
    <ClInclude Include="..\..\include\tests\game_fixture.hpp">
      <Filter>Header Files</Filter>
    </ClInclude>
    <ClInclude Include="..\..\include\commands\zoom_command.hpp">
      <Filter>Header Files\commands</Filter>
    </ClInclude>
    <ClInclude Include="..\..\include\xd\asset_manager.hpp">
      <Filter>Header Files\xd</Filter>
    </ClInclude>
    <ClInclude Include="..\..\include\xd\asset_serializer.hpp">
      <Filter>Header Files\xd</Filter>
    </ClInclude>
    <ClInclude Include="..\..\include\xd\audio.hpp">
      <Filter>Header Files\xd</Filter>
    </ClInclude>
    <ClInclude Include="..\..\include\xd\entity.hpp">
      <Filter>Header Files\xd</Filter>
    </ClInclude>
    <ClInclude Include="..\..\include\xd\event_bus.hpp">
      <Filter>Header Files\xd</Filter>
    </ClInclude>
    <ClInclude Include="..\..\include\xd\exception.hpp">
      <Filter>Header Files\xd</Filter>
    </ClInclude>
    <ClInclude Include="..\..\include\xd\glm.hpp">
      <Filter>Header Files\xd</Filter>
    </ClInclude>
    <ClInclude Include="..\..\include\xd\graphics.hpp">
      <Filter>Header Files\xd</Filter>
    </ClInclude>
    <ClInclude Include="..\..\include\xd\lua.hpp">
      <Filter>Header Files\xd</Filter>
    </ClInclude>
    <ClInclude Include="..\..\include\xd\system.hpp">
      <Filter>Header Files\xd</Filter>
    </ClInclude>
    <ClInclude Include="..\..\include\xd\audio\audio.hpp">
      <Filter>Header Files\xd\audio</Filter>
    </ClInclude>
    <ClInclude Include="..\..\include\xd\audio\exceptions.hpp">
      <Filter>Header Files\xd\audio</Filter>
    </ClInclude>
    <ClInclude Include="..\..\include\xd\audio\music.hpp">
      <Filter>Header Files\xd\audio</Filter>
    </ClInclude>
    <ClInclude Include="..\..\include\xd\audio\sound.hpp">
      <Filter>Header Files\xd\audio</Filter>
    </ClInclude>
    <ClInclude Include="..\..\include\xd\detail\entity.hpp">
      <Filter>Header Files\xd\detail</Filter>
    </ClInclude>
    <ClInclude Include="..\..\include\xd\detail\identity.hpp">
      <Filter>Header Files\xd\detail</Filter>
    </ClInclude>
    <ClInclude Include="..\..\include\xd\detail\noop_deleter.hpp">
      <Filter>Header Files\xd\detail</Filter>
    </ClInclude>
    <ClInclude Include="..\..\include\xd\graphics\exceptions.hpp">
      <Filter>Header Files\xd\graphics</Filter>
    </ClInclude>
    <ClInclude Include="..\..\include\xd\graphics\font.hpp">
      <Filter>Header Files\xd\graphics</Filter>
    </ClInclude>
    <ClInclude Include="..\..\include\xd\graphics\font_style.hpp">
      <Filter>Header Files\xd\graphics</Filter>
    </ClInclude>
    <ClInclude Include="..\..\include\xd\graphics\framebuffer.hpp">
      <Filter>Header Files\xd\graphics</Filter>
    </ClInclude>
    <ClInclude Include="..\..\include\xd\graphics\image.hpp">
      <Filter>Header Files\xd\graphics</Filter>
    </ClInclude>
    <ClInclude Include="..\..\include\xd\graphics\matrix_stack.hpp">
      <Filter>Header Files\xd\graphics</Filter>
    </ClInclude>
    <ClInclude Include="..\..\include\xd\graphics\shader_program.hpp">
      <Filter>Header Files\xd\graphics</Filter>
    </ClInclude>
    <ClInclude Include="..\..\include\xd\graphics\shaders.hpp">
      <Filter>Header Files\xd\graphics</Filter>
    </ClInclude>
    <ClInclude Include="..\..\include\xd\graphics\simple_text_renderer.hpp">
      <Filter>Header Files\xd\graphics</Filter>
    </ClInclude>
    <ClInclude Include="..\..\include\xd\graphics\sprite_batch.hpp">
      <Filter>Header Files\xd\graphics</Filter>
    </ClInclude>
    <ClInclude Include="..\..\include\xd\graphics\stock_text_formatter.hpp">
      <Filter>Header Files\xd\graphics</Filter>
    </ClInclude>
    <ClInclude Include="..\..\include\xd\graphics\text_formatter.hpp">
      <Filter>Header Files\xd\graphics</Filter>
    </ClInclude>
    <ClInclude Include="..\..\include\xd\graphics\text_renderer.hpp">
      <Filter>Header Files\xd\graphics</Filter>
    </ClInclude>
    <ClInclude Include="..\..\include\xd\graphics\texture.hpp">
      <Filter>Header Files\xd\graphics</Filter>
    </ClInclude>
    <ClInclude Include="..\..\include\xd\graphics\transform_geometry.hpp">
      <Filter>Header Files\xd\graphics</Filter>
    </ClInclude>
    <ClInclude Include="..\..\include\xd\graphics\types.hpp">
      <Filter>Header Files\xd\graphics</Filter>
    </ClInclude>
    <ClInclude Include="..\..\include\xd\graphics\utility.hpp">
      <Filter>Header Files\xd\graphics</Filter>
    </ClInclude>
    <ClInclude Include="..\..\include\xd\graphics\vertex_batch.hpp">
      <Filter>Header Files\xd\graphics</Filter>
    </ClInclude>
    <ClInclude Include="..\..\include\xd\graphics\vertex_traits.hpp">
      <Filter>Header Files\xd\graphics</Filter>
    </ClInclude>
    <ClInclude Include="..\..\include\xd\graphics\detail\font.hpp">
      <Filter>Header Files\xd\graphics\detail</Filter>
    </ClInclude>
    <ClInclude Include="..\..\include\xd\graphics\detail\image.hpp">
      <Filter>Header Files\xd\graphics\detail</Filter>
    </ClInclude>
    <ClInclude Include="..\..\include\xd\graphics\detail\sprite_batch.hpp">
      <Filter>Header Files\xd\graphics\detail</Filter>
    </ClInclude>
    <ClInclude Include="..\..\include\xd\graphics\detail\text_formatter.hpp">
      <Filter>Header Files\xd\graphics\detail</Filter>
    </ClInclude>
    <ClInclude Include="..\..\include\xd\graphics\detail\vertex_traits.hpp">
      <Filter>Header Files\xd\graphics\detail</Filter>
    </ClInclude>
    <ClInclude Include="..\..\include\xd\lua\exceptions.hpp">
      <Filter>Header Files\xd\lua</Filter>
    </ClInclude>
    <ClInclude Include="..\..\include\xd\lua\scheduler.hpp">
      <Filter>Header Files\xd\lua</Filter>
    </ClInclude>
    <ClInclude Include="..\..\include\xd\lua\scheduler_task.hpp">
      <Filter>Header Files\xd\lua</Filter>
    </ClInclude>
    <ClInclude Include="..\..\include\xd\lua\virtual_machine.hpp">
      <Filter>Header Files\xd\lua</Filter>
    </ClInclude>
    <ClInclude Include="..\..\include\xd\system\exceptions.hpp">
      <Filter>Header Files\xd\system</Filter>
    </ClInclude>
    <ClInclude Include="..\..\include\xd\system\input.hpp">
      <Filter>Header Files\xd\system</Filter>
    </ClInclude>
    <ClInclude Include="..\..\include\xd\system\window.hpp">
      <Filter>Header Files\xd\system</Filter>
    </ClInclude>
    <ClInclude Include="..\..\include\xd\system\window_options.hpp">
      <Filter>Header Files\xd\system</Filter>
    </ClInclude>
    <ClInclude Include="..\..\include\tmx_properties.hpp">
      <Filter>Header Files</Filter>
    </ClInclude>
    <ClInclude Include="..\..\include\commands\text_options.hpp">
      <Filter>Header Files\commands</Filter>
    </ClInclude>
    <ClInclude Include="..\..\include\vendor\unidata.h">
      <Filter>Header Files\vendor</Filter>
    </ClInclude>
    <ClInclude Include="..\..\include\vendor\lutf8lib.hpp">
      <Filter>Header Files\vendor</Filter>
    </ClInclude>
    <ClInclude Include="..\..\include\vendor\base64.hpp">
      <Filter>Header Files\vendor</Filter>
    </ClInclude>
    <ClInclude Include="..\..\include\vendor\rapidxml.hpp">
      <Filter>Header Files\vendor</Filter>
    </ClInclude>
    <ClInclude Include="..\..\include\vendor\platform_folders.hpp">
      <Filter>Header Files\vendor</Filter>
    </ClInclude>
    <ClInclude Include="..\..\include\utility\color.hpp">
      <Filter>Header Files\utility</Filter>
    </ClInclude>
    <ClInclude Include="..\..\include\utility\file.hpp">
      <Filter>Header Files\utility</Filter>
    </ClInclude>
    <ClInclude Include="..\..\include\utility\math.hpp">
      <Filter>Header Files\utility</Filter>
    </ClInclude>
    <ClInclude Include="..\..\include\utility\string.hpp">
      <Filter>Header Files\utility</Filter>
    </ClInclude>
    <ClInclude Include="..\..\include\utility\xml.hpp">
      <Filter>Header Files\utility</Filter>
    </ClInclude>
    <ClInclude Include="..\..\include\xd\graphics\shader_uniforms.hpp">
      <Filter>Header Files\xd\graphics</Filter>
    </ClInclude>
    <ClInclude Include="..\..\include\utility\direction.hpp">
      <Filter>Header Files\utility</Filter>
    </ClInclude>
    <ClInclude Include="..\..\include\direction.hpp">
      <Filter>Header Files</Filter>
    </ClInclude>
    <ClInclude Include="..\..\include\exceptions.hpp">
      <Filter>Header Files</Filter>
    </ClInclude>
    <ClInclude Include="..\..\include\key_binder.hpp">
      <Filter>Header Files</Filter>
    </ClInclude>
    <ClInclude Include="..\..\include\commands\timed_command.hpp">
      <Filter>Header Files\commands</Filter>
    </ClInclude>
    <ClInclude Include="..\..\include\vendor\utf8conv.h">
      <Filter>Header Files\vendor</Filter>
    </ClInclude>
    <ClInclude Include="..\..\include\canvas\canvas_updater.hpp">
      <Filter>Header Files\canvas</Filter>
    </ClInclude>
    <ClInclude Include="..\..\include\canvas\canvas_renderer.hpp">
      <Filter>Header Files\canvas</Filter>
    </ClInclude>
    <ClInclude Include="..\..\include\canvas\base_canvas.hpp">
      <Filter>Header Files\canvas</Filter>
    </ClInclude>
    <ClInclude Include="..\..\include\canvas\base_image_canvas.hpp">
      <Filter>Header Files\canvas</Filter>
    </ClInclude>
    <ClInclude Include="..\..\include\scripting\lua_object.hpp">
      <Filter>Header Files\scripting</Filter>
    </ClInclude>
    <ClInclude Include="..\..\include\scripting\scripting_interface.hpp">
      <Filter>Header Files\scripting</Filter>
    </ClInclude>
    <ClInclude Include="..\..\include\canvas\image_canvas.hpp">
      <Filter>Header Files\canvas</Filter>
    </ClInclude>
    <ClInclude Include="..\..\include\canvas\sprite_canvas.hpp">
      <Filter>Header Files\canvas</Filter>
    </ClInclude>
    <ClInclude Include="..\..\include\canvas\text_canvas.hpp">
      <Filter>Header Files\canvas</Filter>
    </ClInclude>
    <ClInclude Include="..\..\include\commands\move_canvas_command.hpp">
      <Filter>Header Files\commands</Filter>
    </ClInclude>
    <ClInclude Include="..\..\include\xd\audio\channel_group_type.hpp">
      <Filter>Header Files\xd\audio</Filter>
    </ClInclude>
    <ClInclude Include="..\..\include\xd\audio\detail\fmod_audio_handle.hpp">
      <Filter>Header Files\xd\audio\detail</Filter>
    </ClInclude>
    <ClInclude Include="..\..\include\xd\audio\detail\fmod_sound_handle.hpp">
      <Filter>Header Files\xd\audio\detail</Filter>
    </ClInclude>
    <ClInclude Include="..\..\include\xd\audio\detail\audio_handle.hpp">
      <Filter>Header Files\xd\audio\detail</Filter>
    </ClInclude>
    <ClInclude Include="..\..\include\xd\audio\detail\sound_handle.hpp">
      <Filter>Header Files\xd\audio\detail</Filter>
    </ClInclude>
    <ClInclude Include="..\..\include\scripting\script_bindings.hpp">
      <Filter>Header Files\scripting</Filter>
    </ClInclude>
    <ClInclude Include="..\..\include\decorators\shake_decorator.hpp">
      <Filter>Header Files\decorators</Filter>
    </ClInclude>
    <ClInclude Include="..\..\include\decorators\typewriter_decorator.hpp">
      <Filter>Header Files\decorators</Filter>
    </ClInclude>
    <ClInclude Include="..\..\include\audio_player.hpp">
      <Filter>Header Files</Filter>
    </ClInclude>
    <ClInclude Include="..\..\include\filesystem\boost_filesystem.hpp">
      <Filter>Header Files\filesystem</Filter>
    </ClInclude>
    <ClInclude Include="..\..\include\filesystem\disk_filesystem.hpp">
      <Filter>Header Files\filesystem</Filter>
    </ClInclude>
    <ClInclude Include="..\..\include\filesystem\path_info.hpp">
      <Filter>Header Files\filesystem</Filter>
    </ClInclude>
    <ClInclude Include="..\..\include\filesystem\readable_filesystem.hpp">
      <Filter>Header Files\filesystem</Filter>
    </ClInclude>
    <ClInclude Include="..\..\include\filesystem\standard_filesystem.hpp">
      <Filter>Header Files\filesystem</Filter>
    </ClInclude>
    <ClInclude Include="..\..\include\filesystem\writable_filesystem.hpp">
      <Filter>Header Files\filesystem</Filter>
    </ClInclude>
    <ClInclude Include="..\..\include\filesystem\user_data_folder.hpp">
      <Filter>Header Files\filesystem</Filter>
    </ClInclude>
    <ClInclude Include="..\..\include\filesystem\physfs_filesystem.hpp">
      <Filter>Header Files\utility</Filter>
    </ClInclude>
    <ClInclude Include="..\..\include\vendor\physfs.hpp">
      <Filter>Header Files\vendor</Filter>
    </ClInclude>
  </ItemGroup>
</Project>